// !$*UTF8*$!
{
	archiveVersion = 1;
	classes = {
	};
	objectVersion = 51;
	objects = {

/* Begin PBXBuildFile section */
		05916AE8133BB714ED1FD526 /* Pods_Two_eyes.framework in Frameworks */ = {isa = PBXBuildFile; fileRef = 4FAD479DCCE40449A31530A0 /* Pods_Two_eyes.framework */; };
		1B1FC888246CD026008C0647 /* AppDelegate.swift in Sources */ = {isa = PBXBuildFile; fileRef = 1B1FC887246CD026008C0647 /* AppDelegate.swift */; };
		1B1FC88A246CD026008C0647 /* SceneDelegate.swift in Sources */ = {isa = PBXBuildFile; fileRef = 1B1FC889246CD026008C0647 /* SceneDelegate.swift */; };
		1B1FC892246CD026008C0647 /* ApplicationTheme.xcdatamodeld in Sources */ = {isa = PBXBuildFile; fileRef = 1B1FC890246CD026008C0647 /* ApplicationTheme.xcdatamodeld */; };
		1B1FC894246CD027008C0647 /* Assets.xcassets in Resources */ = {isa = PBXBuildFile; fileRef = 1B1FC893246CD027008C0647 /* Assets.xcassets */; };
		1B1FC897246CD027008C0647 /* LaunchScreen.storyboard in Resources */ = {isa = PBXBuildFile; fileRef = 1B1FC895246CD027008C0647 /* LaunchScreen.storyboard */; };
		1B1FC89F246CD15F008C0647 /* GoogleService-Info.plist in Resources */ = {isa = PBXBuildFile; fileRef = 1B1FC89E246CD15F008C0647 /* GoogleService-Info.plist */; };
		1B1FC8A2246CD32D008C0647 /* Main.storyboard in Resources */ = {isa = PBXBuildFile; fileRef = 1B1FC8A0246CD32D008C0647 /* Main.storyboard */; };
		1B1FC8AF246CD35B008C0647 /* SettingsTableViewController.swift in Sources */ = {isa = PBXBuildFile; fileRef = 1B1FC8A5246CD35B008C0647 /* SettingsTableViewController.swift */; };
		1B1FC8B0246CD35B008C0647 /* SignUpViewController.swift in Sources */ = {isa = PBXBuildFile; fileRef = 1B1FC8A6246CD35B008C0647 /* SignUpViewController.swift */; };
		1B1FC8B1246CD35B008C0647 /* FilterViewController.swift in Sources */ = {isa = PBXBuildFile; fileRef = 1B1FC8A7246CD35B008C0647 /* FilterViewController.swift */; };
		1B1FC8B2246CD35B008C0647 /* ConfirmSignUpViewController.swift in Sources */ = {isa = PBXBuildFile; fileRef = 1B1FC8A8246CD35B008C0647 /* ConfirmSignUpViewController.swift */; };
		1B1FC8B3246CD35B008C0647 /* SignInViewController.swift in Sources */ = {isa = PBXBuildFile; fileRef = 1B1FC8A9246CD35B008C0647 /* SignInViewController.swift */; };
		1B1FC8B4246CD35B008C0647 /* BroadCastingTabBarController.swift in Sources */ = {isa = PBXBuildFile; fileRef = 1B1FC8AA246CD35B008C0647 /* BroadCastingTabBarController.swift */; };
		1B1FC8B5246CD35B008C0647 /* SearchAndLoadDetailViewController.swift in Sources */ = {isa = PBXBuildFile; fileRef = 1B1FC8AB246CD35B008C0647 /* SearchAndLoadDetailViewController.swift */; };
		1B1FC8B6246CD35B008C0647 /* CameraViewController.swift in Sources */ = {isa = PBXBuildFile; fileRef = 1B1FC8AC246CD35B008C0647 /* CameraViewController.swift */; };
		1B1FC8B7246CD35B008C0647 /* SearchAndLoadViewController.swift in Sources */ = {isa = PBXBuildFile; fileRef = 1B1FC8AD246CD35B008C0647 /* SearchAndLoadViewController.swift */; };
		1B1FC8BF246CD387008C0647 /* SearchAndLoadCollectionViewCell.swift in Sources */ = {isa = PBXBuildFile; fileRef = 1B1FC8BB246CD387008C0647 /* SearchAndLoadCollectionViewCell.swift */; };
		1B1FC8C0246CD387008C0647 /* SearchImage.swift in Sources */ = {isa = PBXBuildFile; fileRef = 1B1FC8BC246CD387008C0647 /* SearchImage.swift */; };
		1B1FC8C1246CD387008C0647 /* BasicFilterTemplate.swift in Sources */ = {isa = PBXBuildFile; fileRef = 1B1FC8BD246CD387008C0647 /* BasicFilterTemplate.swift */; };
		1B1FC8C2246CD387008C0647 /* SearchSettings.swift in Sources */ = {isa = PBXBuildFile; fileRef = 1B1FC8BE246CD387008C0647 /* SearchSettings.swift */; };
		1B4C342E24EF5E4600ADCDC8 /* MainSettingViewCell.swift in Sources */ = {isa = PBXBuildFile; fileRef = 1B4C342D24EF5E4600ADCDC8 /* MainSettingViewCell.swift */; };
		1B4C343524EF699400ADCDC8 /* MainSettingViewController.swift in Sources */ = {isa = PBXBuildFile; fileRef = 1B4C343324EF699400ADCDC8 /* MainSettingViewController.swift */; };
		1B4C343624EF699400ADCDC8 /* MainSettingViewCell.xib in Resources */ = {isa = PBXBuildFile; fileRef = 1B4C343424EF699400ADCDC8 /* MainSettingViewCell.xib */; };
		1B4C343B24EFA55E00ADCDC8 /* ApplicationTheme+CoreDataProperties.swift in Sources */ = {isa = PBXBuildFile; fileRef = 1B4C343A24EFA55E00ADCDC8 /* ApplicationTheme+CoreDataProperties.swift */; };
		1B4C343D24EFA56300ADCDC8 /* ApplicationTheme+CoreDataClass.swift in Sources */ = {isa = PBXBuildFile; fileRef = 1B4C343C24EFA56300ADCDC8 /* ApplicationTheme+CoreDataClass.swift */; };
		1B9F1ECB24CD54B500C055A1 /* Constants.swift in Sources */ = {isa = PBXBuildFile; fileRef = 1B9F1ECA24CD54B500C055A1 /* Constants.swift */; };
		1B9F1ECD24CEC65300C055A1 /* Settings.storyboard in Resources */ = {isa = PBXBuildFile; fileRef = 1B9F1ECC24CEC65300C055A1 /* Settings.storyboard */; };
		1B9F1ED324D1438E00C055A1 /* FilterSettingViewController.swift in Sources */ = {isa = PBXBuildFile; fileRef = 1B9F1ED124D1438E00C055A1 /* FilterSettingViewController.swift */; };
		1B9F1ED424D1438E00C055A1 /* FilterSettingViewCell.xib in Resources */ = {isa = PBXBuildFile; fileRef = 1B9F1ED224D1438E00C055A1 /* FilterSettingViewCell.xib */; };
		1B9F1ED824D15B4100C055A1 /* CameraSettingViewController.swift in Sources */ = {isa = PBXBuildFile; fileRef = 1B9F1ED624D15B4100C055A1 /* CameraSettingViewController.swift */; };
		1B9F1ED924D15B4100C055A1 /* CameraSettingViewCell.xib in Resources */ = {isa = PBXBuildFile; fileRef = 1B9F1ED724D15B4100C055A1 /* CameraSettingViewCell.xib */; };
		1B9F1EDC24D15CE800C055A1 /* PhotoLibrarySettingViewController.swift in Sources */ = {isa = PBXBuildFile; fileRef = 1B9F1EDA24D15CE800C055A1 /* PhotoLibrarySettingViewController.swift */; };
		1B9F1EDD24D15CE800C055A1 /* PhotoLibrarySettingViewRow.xib in Resources */ = {isa = PBXBuildFile; fileRef = 1B9F1EDB24D15CE800C055A1 /* PhotoLibrarySettingViewRow.xib */; };
		1B9F1EE124D16AAF00C055A1 /* CameraCollectionViewCell.swift in Sources */ = {isa = PBXBuildFile; fileRef = 1B9F1EE024D16AAF00C055A1 /* CameraCollectionViewCell.swift */; };
		1B9F1EE324D1876100C055A1 /* FilterSettingViewCell.swift in Sources */ = {isa = PBXBuildFile; fileRef = 1B9F1EE224D1876100C055A1 /* FilterSettingViewCell.swift */; };
		1B9F1EE524D18F9F00C055A1 /* TwoEyesFileManager.swift in Sources */ = {isa = PBXBuildFile; fileRef = 1B9F1EE424D18F9F00C055A1 /* TwoEyesFileManager.swift */; };
		1BA99C192605DD0C0043804A /* UIViewController+Extension.swift in Sources */ = {isa = PBXBuildFile; fileRef = 1BA99C182605DD0C0043804A /* UIViewController+Extension.swift */; };
		1BAE36C424D54AFA0079DF8E /* AdjustModalViewController.swift in Sources */ = {isa = PBXBuildFile; fileRef = 1BAE36C324D54AFA0079DF8E /* AdjustModalViewController.swift */; };
		1BAE36C624D54E650079DF8E /* FilterViewCoordinator.swift in Sources */ = {isa = PBXBuildFile; fileRef = 1BAE36C524D54E650079DF8E /* FilterViewCoordinator.swift */; };
		1BC2814224ED17B0004ABD2C /* ThemeManager.swift in Sources */ = {isa = PBXBuildFile; fileRef = 1BC2814124ED17B0004ABD2C /* ThemeManager.swift */; };
/* End PBXBuildFile section */

/* Begin PBXFileReference section */
		1725C44C0ABCA6191D4F43A7 /* Pods-Two_eyes.release.xcconfig */ = {isa = PBXFileReference; includeInIndex = 1; lastKnownFileType = text.xcconfig; name = "Pods-Two_eyes.release.xcconfig"; path = "Target Support Files/Pods-Two_eyes/Pods-Two_eyes.release.xcconfig"; sourceTree = "<group>"; };
		1B1FC884246CD026008C0647 /* Two_eyes.app */ = {isa = PBXFileReference; explicitFileType = wrapper.application; includeInIndex = 0; path = Two_eyes.app; sourceTree = BUILT_PRODUCTS_DIR; };
		1B1FC887246CD026008C0647 /* AppDelegate.swift */ = {isa = PBXFileReference; lastKnownFileType = sourcecode.swift; path = AppDelegate.swift; sourceTree = "<group>"; };
		1B1FC889246CD026008C0647 /* SceneDelegate.swift */ = {isa = PBXFileReference; lastKnownFileType = sourcecode.swift; path = SceneDelegate.swift; sourceTree = "<group>"; };
		1B1FC891246CD026008C0647 /* Two_eyes.xcdatamodel */ = {isa = PBXFileReference; lastKnownFileType = wrapper.xcdatamodel; path = Two_eyes.xcdatamodel; sourceTree = "<group>"; };
		1B1FC893246CD027008C0647 /* Assets.xcassets */ = {isa = PBXFileReference; lastKnownFileType = folder.assetcatalog; path = Assets.xcassets; sourceTree = "<group>"; };
		1B1FC896246CD027008C0647 /* Base */ = {isa = PBXFileReference; lastKnownFileType = file.storyboard; name = Base; path = Base.lproj/LaunchScreen.storyboard; sourceTree = "<group>"; };
		1B1FC898246CD027008C0647 /* Info.plist */ = {isa = PBXFileReference; lastKnownFileType = text.plist.xml; path = Info.plist; sourceTree = "<group>"; };
		1B1FC89E246CD15F008C0647 /* GoogleService-Info.plist */ = {isa = PBXFileReference; fileEncoding = 4; lastKnownFileType = text.plist.xml; path = "GoogleService-Info.plist"; sourceTree = "<group>"; };
		1B1FC8A1246CD32D008C0647 /* Base */ = {isa = PBXFileReference; lastKnownFileType = file.storyboard; name = Base; path = ../../Two_eyes_backup/Two_eyes/Base.lproj/Main.storyboard; sourceTree = "<group>"; };
		1B1FC8A5246CD35B008C0647 /* SettingsTableViewController.swift */ = {isa = PBXFileReference; fileEncoding = 4; lastKnownFileType = sourcecode.swift; path = SettingsTableViewController.swift; sourceTree = "<group>"; };
		1B1FC8A6246CD35B008C0647 /* SignUpViewController.swift */ = {isa = PBXFileReference; fileEncoding = 4; lastKnownFileType = sourcecode.swift; path = SignUpViewController.swift; sourceTree = "<group>"; };
		1B1FC8A7246CD35B008C0647 /* FilterViewController.swift */ = {isa = PBXFileReference; fileEncoding = 4; lastKnownFileType = sourcecode.swift; path = FilterViewController.swift; sourceTree = "<group>"; };
		1B1FC8A8246CD35B008C0647 /* ConfirmSignUpViewController.swift */ = {isa = PBXFileReference; fileEncoding = 4; lastKnownFileType = sourcecode.swift; path = ConfirmSignUpViewController.swift; sourceTree = "<group>"; };
		1B1FC8A9246CD35B008C0647 /* SignInViewController.swift */ = {isa = PBXFileReference; fileEncoding = 4; lastKnownFileType = sourcecode.swift; path = SignInViewController.swift; sourceTree = "<group>"; };
		1B1FC8AA246CD35B008C0647 /* BroadCastingTabBarController.swift */ = {isa = PBXFileReference; fileEncoding = 4; lastKnownFileType = sourcecode.swift; path = BroadCastingTabBarController.swift; sourceTree = "<group>"; };
		1B1FC8AB246CD35B008C0647 /* SearchAndLoadDetailViewController.swift */ = {isa = PBXFileReference; fileEncoding = 4; lastKnownFileType = sourcecode.swift; path = SearchAndLoadDetailViewController.swift; sourceTree = "<group>"; };
		1B1FC8AC246CD35B008C0647 /* CameraViewController.swift */ = {isa = PBXFileReference; fileEncoding = 4; lastKnownFileType = sourcecode.swift; path = CameraViewController.swift; sourceTree = "<group>"; };
		1B1FC8AD246CD35B008C0647 /* SearchAndLoadViewController.swift */ = {isa = PBXFileReference; fileEncoding = 4; lastKnownFileType = sourcecode.swift; path = SearchAndLoadViewController.swift; sourceTree = "<group>"; };
		1B1FC8BB246CD387008C0647 /* SearchAndLoadCollectionViewCell.swift */ = {isa = PBXFileReference; fileEncoding = 4; lastKnownFileType = sourcecode.swift; path = SearchAndLoadCollectionViewCell.swift; sourceTree = "<group>"; };
		1B1FC8BC246CD387008C0647 /* SearchImage.swift */ = {isa = PBXFileReference; fileEncoding = 4; lastKnownFileType = sourcecode.swift; path = SearchImage.swift; sourceTree = "<group>"; };
		1B1FC8BD246CD387008C0647 /* BasicFilterTemplate.swift */ = {isa = PBXFileReference; fileEncoding = 4; lastKnownFileType = sourcecode.swift; path = BasicFilterTemplate.swift; sourceTree = "<group>"; };
		1B1FC8BE246CD387008C0647 /* SearchSettings.swift */ = {isa = PBXFileReference; fileEncoding = 4; lastKnownFileType = sourcecode.swift; path = SearchSettings.swift; sourceTree = "<group>"; };
		1B4C342D24EF5E4600ADCDC8 /* MainSettingViewCell.swift */ = {isa = PBXFileReference; lastKnownFileType = sourcecode.swift; path = MainSettingViewCell.swift; sourceTree = "<group>"; };
		1B4C343324EF699400ADCDC8 /* MainSettingViewController.swift */ = {isa = PBXFileReference; lastKnownFileType = sourcecode.swift; path = MainSettingViewController.swift; sourceTree = "<group>"; };
		1B4C343424EF699400ADCDC8 /* MainSettingViewCell.xib */ = {isa = PBXFileReference; lastKnownFileType = file.xib; path = MainSettingViewCell.xib; sourceTree = "<group>"; };
		1B4C343A24EFA55E00ADCDC8 /* ApplicationTheme+CoreDataProperties.swift */ = {isa = PBXFileReference; lastKnownFileType = sourcecode.swift; name = "ApplicationTheme+CoreDataProperties.swift"; path = "/Users/sanghwiback/Desktop/Developer/Two_eyes/Two_eyes/Model/ApplicationTheme+CoreDataProperties.swift"; sourceTree = "<absolute>"; };
		1B4C343C24EFA56300ADCDC8 /* ApplicationTheme+CoreDataClass.swift */ = {isa = PBXFileReference; lastKnownFileType = sourcecode.swift; name = "ApplicationTheme+CoreDataClass.swift"; path = "/Users/sanghwiback/Desktop/Developer/Two_eyes/Two_eyes/Model/ApplicationTheme+CoreDataClass.swift"; sourceTree = "<absolute>"; };
		1B9F1ECA24CD54B500C055A1 /* Constants.swift */ = {isa = PBXFileReference; lastKnownFileType = sourcecode.swift; path = Constants.swift; sourceTree = "<group>"; };
		1B9F1ECC24CEC65300C055A1 /* Settings.storyboard */ = {isa = PBXFileReference; lastKnownFileType = file.storyboard; path = Settings.storyboard; sourceTree = "<group>"; };
		1B9F1ED124D1438E00C055A1 /* FilterSettingViewController.swift */ = {isa = PBXFileReference; lastKnownFileType = sourcecode.swift; path = FilterSettingViewController.swift; sourceTree = "<group>"; };
		1B9F1ED224D1438E00C055A1 /* FilterSettingViewCell.xib */ = {isa = PBXFileReference; lastKnownFileType = file.xib; path = FilterSettingViewCell.xib; sourceTree = "<group>"; };
		1B9F1ED624D15B4100C055A1 /* CameraSettingViewController.swift */ = {isa = PBXFileReference; lastKnownFileType = sourcecode.swift; path = CameraSettingViewController.swift; sourceTree = "<group>"; };
		1B9F1ED724D15B4100C055A1 /* CameraSettingViewCell.xib */ = {isa = PBXFileReference; lastKnownFileType = file.xib; path = CameraSettingViewCell.xib; sourceTree = "<group>"; };
		1B9F1EDA24D15CE800C055A1 /* PhotoLibrarySettingViewController.swift */ = {isa = PBXFileReference; lastKnownFileType = sourcecode.swift; path = PhotoLibrarySettingViewController.swift; sourceTree = "<group>"; };
		1B9F1EDB24D15CE800C055A1 /* PhotoLibrarySettingViewRow.xib */ = {isa = PBXFileReference; lastKnownFileType = file.xib; path = PhotoLibrarySettingViewRow.xib; sourceTree = "<group>"; };
		1B9F1EE024D16AAF00C055A1 /* CameraCollectionViewCell.swift */ = {isa = PBXFileReference; lastKnownFileType = sourcecode.swift; path = CameraCollectionViewCell.swift; sourceTree = "<group>"; };
		1B9F1EE224D1876100C055A1 /* FilterSettingViewCell.swift */ = {isa = PBXFileReference; lastKnownFileType = sourcecode.swift; path = FilterSettingViewCell.swift; sourceTree = "<group>"; };
		1B9F1EE424D18F9F00C055A1 /* TwoEyesFileManager.swift */ = {isa = PBXFileReference; lastKnownFileType = sourcecode.swift; path = TwoEyesFileManager.swift; sourceTree = "<group>"; };
		1BA99C182605DD0C0043804A /* UIViewController+Extension.swift */ = {isa = PBXFileReference; lastKnownFileType = sourcecode.swift; path = "UIViewController+Extension.swift"; sourceTree = "<group>"; };
		1BAE36C324D54AFA0079DF8E /* AdjustModalViewController.swift */ = {isa = PBXFileReference; lastKnownFileType = sourcecode.swift; path = AdjustModalViewController.swift; sourceTree = "<group>"; };
		1BAE36C524D54E650079DF8E /* FilterViewCoordinator.swift */ = {isa = PBXFileReference; lastKnownFileType = sourcecode.swift; path = FilterViewCoordinator.swift; sourceTree = "<group>"; };
		1BC2814124ED17B0004ABD2C /* ThemeManager.swift */ = {isa = PBXFileReference; lastKnownFileType = sourcecode.swift; path = ThemeManager.swift; sourceTree = "<group>"; };
		1D0085B0312BA077C9E1231F /* Pods-Two_eyes.debug.xcconfig */ = {isa = PBXFileReference; includeInIndex = 1; lastKnownFileType = text.xcconfig; name = "Pods-Two_eyes.debug.xcconfig"; path = "Target Support Files/Pods-Two_eyes/Pods-Two_eyes.debug.xcconfig"; sourceTree = "<group>"; };
		4FAD479DCCE40449A31530A0 /* Pods_Two_eyes.framework */ = {isa = PBXFileReference; explicitFileType = wrapper.framework; includeInIndex = 0; path = Pods_Two_eyes.framework; sourceTree = BUILT_PRODUCTS_DIR; };
/* End PBXFileReference section */

/* Begin PBXFrameworksBuildPhase section */
		1B1FC881246CD026008C0647 /* Frameworks */ = {
			isa = PBXFrameworksBuildPhase;
			buildActionMask = 2147483647;
			files = (
				05916AE8133BB714ED1FD526 /* Pods_Two_eyes.framework in Frameworks */,
			);
			runOnlyForDeploymentPostprocessing = 0;
		};
/* End PBXFrameworksBuildPhase section */

/* Begin PBXGroup section */
		1B1FC87B246CD026008C0647 = {
			isa = PBXGroup;
			children = (
				1B1FC886246CD026008C0647 /* Two_eyes */,
				1B1FC885246CD026008C0647 /* Products */,
				B93CEA8ECE834821170B3B86 /* Pods */,
				7AD395CA86BD3E84978F6FB0 /* Frameworks */,
			);
			sourceTree = "<group>";
		};
		1B1FC885246CD026008C0647 /* Products */ = {
			isa = PBXGroup;
			children = (
				1B1FC884246CD026008C0647 /* Two_eyes.app */,
			);
			name = Products;
			sourceTree = "<group>";
		};
		1B1FC886246CD026008C0647 /* Two_eyes */ = {
			isa = PBXGroup;
			children = (
				1B1FC887246CD026008C0647 /* AppDelegate.swift */,
				1B1FC889246CD026008C0647 /* SceneDelegate.swift */,
				1BC2814124ED17B0004ABD2C /* ThemeManager.swift */,
				1B4C343E24EFA77F00ADCDC8 /* Entity */,
				1B1FC8BA246CD378008C0647 /* Model */,
				1B1FC8A3246CD344008C0647 /* Controller */,
				1B9F1ED524D143A400C055A1 /* View */,
				1B1FC893246CD027008C0647 /* Assets.xcassets */,
				1B1FC895246CD027008C0647 /* LaunchScreen.storyboard */,
				1B1FC898246CD027008C0647 /* Info.plist */,
				1B1FC89E246CD15F008C0647 /* GoogleService-Info.plist */,
				1B1FC890246CD026008C0647 /* ApplicationTheme.xcdatamodeld */,
			);
			path = Two_eyes;
			sourceTree = "<group>";
		};
		1B1FC8A3246CD344008C0647 /* Controller */ = {
			isa = PBXGroup;
			children = (
				1B1FC8A6246CD35B008C0647 /* SignUpViewController.swift */,
				1B1FC8A8246CD35B008C0647 /* ConfirmSignUpViewController.swift */,
				1B1FC8A9246CD35B008C0647 /* SignInViewController.swift */,
				1B1FC8AA246CD35B008C0647 /* BroadCastingTabBarController.swift */,
				1B1FC8AC246CD35B008C0647 /* CameraViewController.swift */,
				1B1FC8A7246CD35B008C0647 /* FilterViewController.swift */,
				1BAE36C324D54AFA0079DF8E /* AdjustModalViewController.swift */,
				1B1FC8AB246CD35B008C0647 /* SearchAndLoadDetailViewController.swift */,
				1B1FC8AD246CD35B008C0647 /* SearchAndLoadViewController.swift */,
				1B9F1ECE24CEED1B00C055A1 /* SettingsController */,
			);
			path = Controller;
			sourceTree = "<group>";
		};
		1B1FC8BA246CD378008C0647 /* Model */ = {
			isa = PBXGroup;
			children = (
				1B1FC8BD246CD387008C0647 /* BasicFilterTemplate.swift */,
				1B1FC8BB246CD387008C0647 /* SearchAndLoadCollectionViewCell.swift */,
				1B1FC8BC246CD387008C0647 /* SearchImage.swift */,
				1B1FC8BE246CD387008C0647 /* SearchSettings.swift */,
				1B9F1ECA24CD54B500C055A1 /* Constants.swift */,
				1BAE36C524D54E650079DF8E /* FilterViewCoordinator.swift */,
				1B9F1EE424D18F9F00C055A1 /* TwoEyesFileManager.swift */,
			);
			path = Model;
			sourceTree = "<group>";
		};
		1B4C343E24EFA77F00ADCDC8 /* Entity */ = {
			isa = PBXGroup;
			children = (
				1B4C343C24EFA56300ADCDC8 /* ApplicationTheme+CoreDataClass.swift */,
				1B4C343A24EFA55E00ADCDC8 /* ApplicationTheme+CoreDataProperties.swift */,
				1BA99C182605DD0C0043804A /* UIViewController+Extension.swift */,
			);
			path = Entity;
			sourceTree = "<group>";
		};
		1B9F1ECE24CEED1B00C055A1 /* SettingsController */ = {
			isa = PBXGroup;
			children = (
				1B1FC8A5246CD35B008C0647 /* SettingsTableViewController.swift */,
				1B9F1ED124D1438E00C055A1 /* FilterSettingViewController.swift */,
				1B9F1EE224D1876100C055A1 /* FilterSettingViewCell.swift */,
				1B9F1ED224D1438E00C055A1 /* FilterSettingViewCell.xib */,
				1B9F1ED624D15B4100C055A1 /* CameraSettingViewController.swift */,
				1B9F1EE024D16AAF00C055A1 /* CameraCollectionViewCell.swift */,
				1B9F1ED724D15B4100C055A1 /* CameraSettingViewCell.xib */,
				1B9F1EDA24D15CE800C055A1 /* PhotoLibrarySettingViewController.swift */,
				1B9F1EDB24D15CE800C055A1 /* PhotoLibrarySettingViewRow.xib */,
				1B4C343324EF699400ADCDC8 /* MainSettingViewController.swift */,
				1B4C342D24EF5E4600ADCDC8 /* MainSettingViewCell.swift */,
				1B4C343424EF699400ADCDC8 /* MainSettingViewCell.xib */,
			);
			path = SettingsController;
			sourceTree = "<group>";
		};
		1B9F1ED524D143A400C055A1 /* View */ = {
			isa = PBXGroup;
			children = (
				1B1FC8A0246CD32D008C0647 /* Main.storyboard */,
				1B9F1ECC24CEC65300C055A1 /* Settings.storyboard */,
			);
			path = View;
			sourceTree = "<group>";
		};
		7AD395CA86BD3E84978F6FB0 /* Frameworks */ = {
			isa = PBXGroup;
			children = (
				4FAD479DCCE40449A31530A0 /* Pods_Two_eyes.framework */,
			);
			name = Frameworks;
			sourceTree = "<group>";
		};
		B93CEA8ECE834821170B3B86 /* Pods */ = {
			isa = PBXGroup;
			children = (
				1D0085B0312BA077C9E1231F /* Pods-Two_eyes.debug.xcconfig */,
				1725C44C0ABCA6191D4F43A7 /* Pods-Two_eyes.release.xcconfig */,
			);
			path = Pods;
			sourceTree = "<group>";
		};
/* End PBXGroup section */

/* Begin PBXNativeTarget section */
		1B1FC883246CD026008C0647 /* Two_eyes */ = {
			isa = PBXNativeTarget;
			buildConfigurationList = 1B1FC89B246CD027008C0647 /* Build configuration list for PBXNativeTarget "Two_eyes" */;
			buildPhases = (
				7CA10297CB7403C5447F4E19 /* [CP] Check Pods Manifest.lock */,
				1B1FC880246CD026008C0647 /* Sources */,
				1B1FC881246CD026008C0647 /* Frameworks */,
				1B1FC882246CD026008C0647 /* Resources */,
				8C1D186DD46F76BAC25C9B1D /* [CP] Embed Pods Frameworks */,
			);
			buildRules = (
			);
			dependencies = (
			);
			name = Two_eyes;
			productName = Two_eyes;
			productReference = 1B1FC884246CD026008C0647 /* Two_eyes.app */;
			productType = "com.apple.product-type.application";
		};
/* End PBXNativeTarget section */

/* Begin PBXProject section */
		1B1FC87C246CD026008C0647 /* Project object */ = {
			isa = PBXProject;
			attributes = {
				LastSwiftUpdateCheck = 1140;
				LastUpgradeCheck = 1200;
				ORGANIZATIONNAME = "Sanghwi Back";
				TargetAttributes = {
					1B1FC883246CD026008C0647 = {
						CreatedOnToolsVersion = 11.4.1;
					};
				};
			};
			buildConfigurationList = 1B1FC87F246CD026008C0647 /* Build configuration list for PBXProject "Two_eyes" */;
			compatibilityVersion = "Xcode 9.3";
			developmentRegion = en;
			hasScannedForEncodings = 0;
			knownRegions = (
				en,
				Base,
			);
			mainGroup = 1B1FC87B246CD026008C0647;
			productRefGroup = 1B1FC885246CD026008C0647 /* Products */;
			projectDirPath = "";
			projectRoot = "";
			targets = (
				1B1FC883246CD026008C0647 /* Two_eyes */,
			);
		};
/* End PBXProject section */

/* Begin PBXResourcesBuildPhase section */
		1B1FC882246CD026008C0647 /* Resources */ = {
			isa = PBXResourcesBuildPhase;
			buildActionMask = 2147483647;
			files = (
				1B1FC897246CD027008C0647 /* LaunchScreen.storyboard in Resources */,
				1B1FC8A2246CD32D008C0647 /* Main.storyboard in Resources */,
				1B4C343624EF699400ADCDC8 /* MainSettingViewCell.xib in Resources */,
				1B9F1EDD24D15CE800C055A1 /* PhotoLibrarySettingViewRow.xib in Resources */,
				1B1FC89F246CD15F008C0647 /* GoogleService-Info.plist in Resources */,
				1B1FC894246CD027008C0647 /* Assets.xcassets in Resources */,
				1B9F1ECD24CEC65300C055A1 /* Settings.storyboard in Resources */,
				1B9F1ED424D1438E00C055A1 /* FilterSettingViewCell.xib in Resources */,
				1B9F1ED924D15B4100C055A1 /* CameraSettingViewCell.xib in Resources */,
			);
			runOnlyForDeploymentPostprocessing = 0;
		};
/* End PBXResourcesBuildPhase section */

/* Begin PBXShellScriptBuildPhase section */
		7CA10297CB7403C5447F4E19 /* [CP] Check Pods Manifest.lock */ = {
			isa = PBXShellScriptBuildPhase;
			buildActionMask = 2147483647;
			files = (
			);
			inputFileListPaths = (
			);
			inputPaths = (
				"${PODS_PODFILE_DIR_PATH}/Podfile.lock",
				"${PODS_ROOT}/Manifest.lock",
			);
			name = "[CP] Check Pods Manifest.lock";
			outputFileListPaths = (
			);
			outputPaths = (
				"$(DERIVED_FILE_DIR)/Pods-Two_eyes-checkManifestLockResult.txt",
			);
			runOnlyForDeploymentPostprocessing = 0;
			shellPath = /bin/sh;
			shellScript = "diff \"${PODS_PODFILE_DIR_PATH}/Podfile.lock\" \"${PODS_ROOT}/Manifest.lock\" > /dev/null\nif [ $? != 0 ] ; then\n    # print error to STDERR\n    echo \"error: The sandbox is not in sync with the Podfile.lock. Run 'pod install' or update your CocoaPods installation.\" >&2\n    exit 1\nfi\n# This output is used by Xcode 'outputs' to avoid re-running this script phase.\necho \"SUCCESS\" > \"${SCRIPT_OUTPUT_FILE_0}\"\n";
			showEnvVarsInLog = 0;
		};
		8C1D186DD46F76BAC25C9B1D /* [CP] Embed Pods Frameworks */ = {
			isa = PBXShellScriptBuildPhase;
			buildActionMask = 2147483647;
			files = (
			);
			inputFileListPaths = (
				"${PODS_ROOT}/Target Support Files/Pods-Two_eyes/Pods-Two_eyes-frameworks-${CONFIGURATION}-input-files.xcfilelist",
			);
			name = "[CP] Embed Pods Frameworks";
			outputFileListPaths = (
				"${PODS_ROOT}/Target Support Files/Pods-Two_eyes/Pods-Two_eyes-frameworks-${CONFIGURATION}-output-files.xcfilelist",
			);
			runOnlyForDeploymentPostprocessing = 0;
			shellPath = /bin/sh;
			shellScript = "\"${PODS_ROOT}/Target Support Files/Pods-Two_eyes/Pods-Two_eyes-frameworks.sh\"\n";
			showEnvVarsInLog = 0;
		};
/* End PBXShellScriptBuildPhase section */

/* Begin PBXSourcesBuildPhase section */
		1B1FC880246CD026008C0647 /* Sources */ = {
			isa = PBXSourcesBuildPhase;
			buildActionMask = 2147483647;
			files = (
				1B1FC8BF246CD387008C0647 /* SearchAndLoadCollectionViewCell.swift in Sources */,
				1B1FC8B5246CD35B008C0647 /* SearchAndLoadDetailViewController.swift in Sources */,
				1B1FC8C0246CD387008C0647 /* SearchImage.swift in Sources */,
				1B9F1EE524D18F9F00C055A1 /* TwoEyesFileManager.swift in Sources */,
				1B4C343B24EFA55E00ADCDC8 /* ApplicationTheme+CoreDataProperties.swift in Sources */,
				1BAE36C624D54E650079DF8E /* FilterViewCoordinator.swift in Sources */,
				1B1FC8B1246CD35B008C0647 /* FilterViewController.swift in Sources */,
				1B1FC8B7246CD35B008C0647 /* SearchAndLoadViewController.swift in Sources */,
				1B9F1EE324D1876100C055A1 /* FilterSettingViewCell.swift in Sources */,
				1B1FC8B0246CD35B008C0647 /* SignUpViewController.swift in Sources */,
				1B9F1EE124D16AAF00C055A1 /* CameraCollectionViewCell.swift in Sources */,
				1BA99C192605DD0C0043804A /* UIViewController+Extension.swift in Sources */,
				1B4C343524EF699400ADCDC8 /* MainSettingViewController.swift in Sources */,
				1B9F1ED824D15B4100C055A1 /* CameraSettingViewController.swift in Sources */,
				1B1FC892246CD026008C0647 /* ApplicationTheme.xcdatamodeld in Sources */,
				1BAE36C424D54AFA0079DF8E /* AdjustModalViewController.swift in Sources */,
				1B4C343D24EFA56300ADCDC8 /* ApplicationTheme+CoreDataClass.swift in Sources */,
				1B1FC8C2246CD387008C0647 /* SearchSettings.swift in Sources */,
				1BC2814224ED17B0004ABD2C /* ThemeManager.swift in Sources */,
				1B1FC8AF246CD35B008C0647 /* SettingsTableViewController.swift in Sources */,
				1B1FC8C1246CD387008C0647 /* BasicFilterTemplate.swift in Sources */,
				1B1FC8B6246CD35B008C0647 /* CameraViewController.swift in Sources */,
				1B4C342E24EF5E4600ADCDC8 /* MainSettingViewCell.swift in Sources */,
				1B1FC8B4246CD35B008C0647 /* BroadCastingTabBarController.swift in Sources */,
				1B1FC888246CD026008C0647 /* AppDelegate.swift in Sources */,
				1B9F1EDC24D15CE800C055A1 /* PhotoLibrarySettingViewController.swift in Sources */,
				1B9F1ED324D1438E00C055A1 /* FilterSettingViewController.swift in Sources */,
				1B1FC8B3246CD35B008C0647 /* SignInViewController.swift in Sources */,
				1B1FC8B2246CD35B008C0647 /* ConfirmSignUpViewController.swift in Sources */,
				1B1FC88A246CD026008C0647 /* SceneDelegate.swift in Sources */,
				1B9F1ECB24CD54B500C055A1 /* Constants.swift in Sources */,
			);
			runOnlyForDeploymentPostprocessing = 0;
		};
/* End PBXSourcesBuildPhase section */

/* Begin PBXVariantGroup section */
		1B1FC895246CD027008C0647 /* LaunchScreen.storyboard */ = {
			isa = PBXVariantGroup;
			children = (
				1B1FC896246CD027008C0647 /* Base */,
			);
			name = LaunchScreen.storyboard;
			sourceTree = "<group>";
		};
		1B1FC8A0246CD32D008C0647 /* Main.storyboard */ = {
			isa = PBXVariantGroup;
			children = (
				1B1FC8A1246CD32D008C0647 /* Base */,
			);
			name = Main.storyboard;
			sourceTree = "<group>";
		};
/* End PBXVariantGroup section */

/* Begin XCBuildConfiguration section */
		1B1FC899246CD027008C0647 /* Debug */ = {
			isa = XCBuildConfiguration;
			buildSettings = {
				ALWAYS_SEARCH_USER_PATHS = NO;
				CLANG_ANALYZER_NONNULL = YES;
				CLANG_ANALYZER_NUMBER_OBJECT_CONVERSION = YES_AGGRESSIVE;
				CLANG_CXX_LANGUAGE_STANDARD = "gnu++14";
				CLANG_CXX_LIBRARY = "libc++";
				CLANG_ENABLE_MODULES = YES;
				CLANG_ENABLE_OBJC_ARC = YES;
				CLANG_ENABLE_OBJC_WEAK = YES;
				CLANG_WARN_BLOCK_CAPTURE_AUTORELEASING = YES;
				CLANG_WARN_BOOL_CONVERSION = YES;
				CLANG_WARN_COMMA = YES;
				CLANG_WARN_CONSTANT_CONVERSION = YES;
				CLANG_WARN_DEPRECATED_OBJC_IMPLEMENTATIONS = YES;
				CLANG_WARN_DIRECT_OBJC_ISA_USAGE = YES_ERROR;
				CLANG_WARN_DOCUMENTATION_COMMENTS = YES;
				CLANG_WARN_EMPTY_BODY = YES;
				CLANG_WARN_ENUM_CONVERSION = YES;
				CLANG_WARN_INFINITE_RECURSION = YES;
				CLANG_WARN_INT_CONVERSION = YES;
				CLANG_WARN_NON_LITERAL_NULL_CONVERSION = YES;
				CLANG_WARN_OBJC_IMPLICIT_RETAIN_SELF = YES;
				CLANG_WARN_OBJC_LITERAL_CONVERSION = YES;
				CLANG_WARN_OBJC_ROOT_CLASS = YES_ERROR;
				CLANG_WARN_QUOTED_INCLUDE_IN_FRAMEWORK_HEADER = YES;
				CLANG_WARN_RANGE_LOOP_ANALYSIS = YES;
				CLANG_WARN_STRICT_PROTOTYPES = YES;
				CLANG_WARN_SUSPICIOUS_MOVE = YES;
				CLANG_WARN_UNGUARDED_AVAILABILITY = YES_AGGRESSIVE;
				CLANG_WARN_UNREACHABLE_CODE = YES;
				CLANG_WARN__DUPLICATE_METHOD_MATCH = YES;
				COPY_PHASE_STRIP = NO;
				DEBUG_INFORMATION_FORMAT = dwarf;
				ENABLE_STRICT_OBJC_MSGSEND = YES;
				ENABLE_TESTABILITY = YES;
				GCC_C_LANGUAGE_STANDARD = gnu11;
				GCC_DYNAMIC_NO_PIC = NO;
				GCC_NO_COMMON_BLOCKS = YES;
				GCC_OPTIMIZATION_LEVEL = 0;
				GCC_PREPROCESSOR_DEFINITIONS = (
					"DEBUG=1",
					"$(inherited)",
				);
				GCC_WARN_64_TO_32_BIT_CONVERSION = YES;
				GCC_WARN_ABOUT_RETURN_TYPE = YES_ERROR;
				GCC_WARN_UNDECLARED_SELECTOR = YES;
				GCC_WARN_UNINITIALIZED_AUTOS = YES_AGGRESSIVE;
				GCC_WARN_UNUSED_FUNCTION = YES;
				GCC_WARN_UNUSED_VARIABLE = YES;
				IPHONEOS_DEPLOYMENT_TARGET = 14.0;
				MTL_ENABLE_DEBUG_INFO = INCLUDE_SOURCE;
				MTL_FAST_MATH = YES;
				ONLY_ACTIVE_ARCH = YES;
				SDKROOT = iphoneos;
				SWIFT_ACTIVE_COMPILATION_CONDITIONS = DEBUG;
				SWIFT_OPTIMIZATION_LEVEL = "-Onone";
			};
			name = Debug;
		};
		1B1FC89A246CD027008C0647 /* Release */ = {
			isa = XCBuildConfiguration;
			buildSettings = {
				ALWAYS_SEARCH_USER_PATHS = NO;
				CLANG_ANALYZER_NONNULL = YES;
				CLANG_ANALYZER_NUMBER_OBJECT_CONVERSION = YES_AGGRESSIVE;
				CLANG_CXX_LANGUAGE_STANDARD = "gnu++14";
				CLANG_CXX_LIBRARY = "libc++";
				CLANG_ENABLE_MODULES = YES;
				CLANG_ENABLE_OBJC_ARC = YES;
				CLANG_ENABLE_OBJC_WEAK = YES;
				CLANG_WARN_BLOCK_CAPTURE_AUTORELEASING = YES;
				CLANG_WARN_BOOL_CONVERSION = YES;
				CLANG_WARN_COMMA = YES;
				CLANG_WARN_CONSTANT_CONVERSION = YES;
				CLANG_WARN_DEPRECATED_OBJC_IMPLEMENTATIONS = YES;
				CLANG_WARN_DIRECT_OBJC_ISA_USAGE = YES_ERROR;
				CLANG_WARN_DOCUMENTATION_COMMENTS = YES;
				CLANG_WARN_EMPTY_BODY = YES;
				CLANG_WARN_ENUM_CONVERSION = YES;
				CLANG_WARN_INFINITE_RECURSION = YES;
				CLANG_WARN_INT_CONVERSION = YES;
				CLANG_WARN_NON_LITERAL_NULL_CONVERSION = YES;
				CLANG_WARN_OBJC_IMPLICIT_RETAIN_SELF = YES;
				CLANG_WARN_OBJC_LITERAL_CONVERSION = YES;
				CLANG_WARN_OBJC_ROOT_CLASS = YES_ERROR;
				CLANG_WARN_QUOTED_INCLUDE_IN_FRAMEWORK_HEADER = YES;
				CLANG_WARN_RANGE_LOOP_ANALYSIS = YES;
				CLANG_WARN_STRICT_PROTOTYPES = YES;
				CLANG_WARN_SUSPICIOUS_MOVE = YES;
				CLANG_WARN_UNGUARDED_AVAILABILITY = YES_AGGRESSIVE;
				CLANG_WARN_UNREACHABLE_CODE = YES;
				CLANG_WARN__DUPLICATE_METHOD_MATCH = YES;
				COPY_PHASE_STRIP = NO;
				DEBUG_INFORMATION_FORMAT = "dwarf-with-dsym";
				ENABLE_NS_ASSERTIONS = NO;
				ENABLE_STRICT_OBJC_MSGSEND = YES;
				GCC_C_LANGUAGE_STANDARD = gnu11;
				GCC_NO_COMMON_BLOCKS = YES;
				GCC_WARN_64_TO_32_BIT_CONVERSION = YES;
				GCC_WARN_ABOUT_RETURN_TYPE = YES_ERROR;
				GCC_WARN_UNDECLARED_SELECTOR = YES;
				GCC_WARN_UNINITIALIZED_AUTOS = YES_AGGRESSIVE;
				GCC_WARN_UNUSED_FUNCTION = YES;
				GCC_WARN_UNUSED_VARIABLE = YES;
				IPHONEOS_DEPLOYMENT_TARGET = 14.0;
				MTL_ENABLE_DEBUG_INFO = NO;
				MTL_FAST_MATH = YES;
				SDKROOT = iphoneos;
				SWIFT_COMPILATION_MODE = wholemodule;
				SWIFT_OPTIMIZATION_LEVEL = "-O";
				VALIDATE_PRODUCT = YES;
			};
			name = Release;
		};
		1B1FC89C246CD027008C0647 /* Debug */ = {
			isa = XCBuildConfiguration;
			baseConfigurationReference = 1D0085B0312BA077C9E1231F /* Pods-Two_eyes.debug.xcconfig */;
			buildSettings = {
				ASSETCATALOG_COMPILER_APPICON_NAME = AppIcon;
				CODE_SIGN_STYLE = Automatic;
				DEVELOPMENT_TEAM = L3ZPWB4HNK;
				INFOPLIST_FILE = Two_eyes/Info.plist;
				IPHONEOS_DEPLOYMENT_TARGET = 14.0;
				LD_RUNPATH_SEARCH_PATHS = (
					"$(inherited)",
					"@executable_path/Frameworks",
				);
				PRODUCT_BUNDLE_IDENTIFIER = "com.sanghwi.Two-eyes";
				PRODUCT_NAME = "$(TARGET_NAME)";
				SWIFT_VERSION = 5.0;
				TARGETED_DEVICE_FAMILY = "1,2";
			};
			name = Debug;
		};
		1B1FC89D246CD027008C0647 /* Release */ = {
			isa = XCBuildConfiguration;
			baseConfigurationReference = 1725C44C0ABCA6191D4F43A7 /* Pods-Two_eyes.release.xcconfig */;
			buildSettings = {
				ASSETCATALOG_COMPILER_APPICON_NAME = AppIcon;
				CODE_SIGN_STYLE = Automatic;
				DEVELOPMENT_TEAM = L3ZPWB4HNK;
				INFOPLIST_FILE = Two_eyes/Info.plist;
				IPHONEOS_DEPLOYMENT_TARGET = 14.0;
				LD_RUNPATH_SEARCH_PATHS = (
					"$(inherited)",
					"@executable_path/Frameworks",
				);
				PRODUCT_BUNDLE_IDENTIFIER = "com.sanghwi.Two-eyes";
				PRODUCT_NAME = "$(TARGET_NAME)";
				SWIFT_VERSION = 5.0;
				TARGETED_DEVICE_FAMILY = "1,2";
			};
			name = Release;
		};
/* End XCBuildConfiguration section */

/* Begin XCConfigurationList section */
		1B1FC87F246CD026008C0647 /* Build configuration list for PBXProject "Two_eyes" */ = {
			isa = XCConfigurationList;
			buildConfigurations = (
				1B1FC899246CD027008C0647 /* Debug */,
				1B1FC89A246CD027008C0647 /* Release */,
			);
			defaultConfigurationIsVisible = 0;
			defaultConfigurationName = Release;
		};
		1B1FC89B246CD027008C0647 /* Build configuration list for PBXNativeTarget "Two_eyes" */ = {
			isa = XCConfigurationList;
			buildConfigurations = (
				1B1FC89C246CD027008C0647 /* Debug */,
				1B1FC89D246CD027008C0647 /* Release */,
			);
			defaultConfigurationIsVisible = 0;
			defaultConfigurationName = Release;
		};
/* End XCConfigurationList section */

/* Begin XCVersionGroup section */
		1B1FC890246CD026008C0647 /* ApplicationTheme.xcdatamodeld */ = {
			isa = XCVersionGroup;
			children = (
				1B1FC891246CD026008C0647 /* Two_eyes.xcdatamodel */,
			);
			currentVersion = 1B1FC891246CD026008C0647 /* Two_eyes.xcdatamodel */;
			path = ApplicationTheme.xcdatamodeld;
			sourceTree = "<group>";
			versionGroupType = wrapper.xcdatamodel;
		};
/* End XCVersionGroup section */
	};
	rootObject = 1B1FC87C246CD026008C0647 /* Project object */;
}
